
Microsoft Visual Studio Solution File, Format Version 12.00
# Visual Studio Version 16
VisualStudioVersion = 25.0.1705.4
MinimumVisualStudioVersion = 10.0.40219.1
Project("{FAE04EC0-301F-11D3-BF4B-00C04F79EFBC}") = "carno-ws", "carno-ws.csproj", "{64A816F0-F714-4496-BEAF-7E882E877FA0}"
EndProject
Global
	GlobalSection(SolutionConfigurationPlatforms) = preSolution
		Debug|Any CPU = Debug|Any CPU
		Release|Any CPU = Release|Any CPU
	EndGlobalSection
	GlobalSection(ProjectConfigurationPlatforms) = postSolution
		{64A816F0-F714-4496-BEAF-7E882E877FA0}.Debug|Any CPU.ActiveCfg = Debug|Any CPU
		{64A816F0-F714-4496-BEAF-7E882E877FA0}.Debug|Any CPU.Build.0 = Debug|Any CPU
		{64A816F0-F714-4496-BEAF-7E882E877FA0}.Release|Any CPU.ActiveCfg = Release|Any CPU
		{64A816F0-F714-4496-BEAF-7E882E877FA0}.Release|Any CPU.Build.0 = Release|Any CPU
		{05813823-42CA-4463-B217-528B137E654B}.Debug|Any CPU.ActiveCfg = Debug|Any CPU
		{05813823-42CA-4463-B217-528B137E654B}.Debug|Any CPU.Build.0 = Debug|Any CPU
		{05813823-42CA-4463-B217-528B137E654B}.Release|Any CPU.ActiveCfg = Release|Any CPU
		{05813823-42CA-4463-B217-528B137E654B}.Release|Any CPU.Build.0 = Release|Any CPU
	EndGlobalSection
	GlobalSection(SolutionProperties) = preSolution
		HideSolutionNode = FALSE
	EndGlobalSection
	GlobalSection(ExtensibilityGlobals) = postSolution
		SolutionGuid = {B41CAE94-4C6D-45C1-879D-83D91920B60C}
	EndGlobalSection
EndGlobal
